
Microsoft Visual Studio Solution File, Format Version 12.00
Project("{FAE04EC0-301F-11D3-BF4B-00C04F79EFBC}") = "StringMate", "src\StringMate\StringMate.csproj", "{8A490528-F010-4DA6-B778-15D8A6C9E4B3}"
EndProject
Project("{FAE04EC0-301F-11D3-BF4B-00C04F79EFBC}") = "StringMate.Test", "src\StringMate.Test\StringMate.Test.csproj", "{AC3D14A4-E241-4B63-B470-F1B6C4FE4645}"
EndProject
Global
	GlobalSection(SolutionConfigurationPlatforms) = preSolution
		Debug|Any CPU = Debug|Any CPU
		Release|Any CPU = Release|Any CPU
	EndGlobalSection
	GlobalSection(ProjectConfigurationPlatforms) = postSolution
		{8A490528-F010-4DA6-B778-15D8A6C9E4B3}.Debug|Any CPU.ActiveCfg = Debug|Any CPU
		{8A490528-F010-4DA6-B778-15D8A6C9E4B3}.Debug|Any CPU.Build.0 = Debug|Any CPU
		{8A490528-F010-4DA6-B778-15D8A6C9E4B3}.Release|Any CPU.ActiveCfg = Release|Any CPU
		{8A490528-F010-4DA6-B778-15D8A6C9E4B3}.Release|Any CPU.Build.0 = Release|Any CPU
		{AC3D14A4-E241-4B63-B470-F1B6C4FE4645}.Debug|Any CPU.ActiveCfg = Debug|Any CPU
		{AC3D14A4-E241-4B63-B470-F1B6C4FE4645}.Debug|Any CPU.Build.0 = Debug|Any CPU
		{AC3D14A4-E241-4B63-B470-F1B6C4FE4645}.Release|Any CPU.ActiveCfg = Release|Any CPU
		{AC3D14A4-E241-4B63-B470-F1B6C4FE4645}.Release|Any CPU.Build.0 = Release|Any CPU
	EndGlobalSection
EndGlobal
